
Microsoft Visual Studio Solution File, Format Version 12.00
# Visual Studio Version 17
VisualStudioVersion = 17.12.35527.113 d17.12
MinimumVisualStudioVersion = 10.0.40219.1
Project("{FAE04EC0-301F-11D3-BF4B-00C04F79EFBC}") = "LandingApplication", "LandingApplication.csproj", "{BBD9414D-F01D-4079-B3E1-408B8E8F63F7}"
EndProject
Project("{FAE04EC0-301F-11D3-BF4B-00C04F79EFBC}") = "Application.Services", "..\Application.Services\Application.Services.csproj", "{70B4712A-A1B3-47F5-AFAD-9CC1DA26B7D7}"
EndProject
Global
	GlobalSection(SolutionConfigurationPlatforms) = preSolution
		Debug|Any CPU = Debug|Any CPU
		Release|Any CPU = Release|Any CPU
	EndGlobalSection
	GlobalSection(ProjectConfigurationPlatforms) = postSolution
		{BBD9414D-F01D-4079-B3E1-408B8E8F63F7}.Debug|Any CPU.ActiveCfg = Debug|Any CPU
		{BBD9414D-F01D-4079-B3E1-408B8E8F63F7}.Debug|Any CPU.Build.0 = Debug|Any CPU
		{BBD9414D-F01D-4079-B3E1-408B8E8F63F7}.Release|Any CPU.ActiveCfg = Release|Any CPU
		{BBD9414D-F01D-4079-B3E1-408B8E8F63F7}.Release|Any CPU.Build.0 = Release|Any CPU
		{70B4712A-A1B3-47F5-AFAD-9CC1DA26B7D7}.Debug|Any CPU.ActiveCfg = Debug|Any CPU
		{70B4712A-A1B3-47F5-AFAD-9CC1DA26B7D7}.Debug|Any CPU.Build.0 = Debug|Any CPU
		{70B4712A-A1B3-47F5-AFAD-9CC1DA26B7D7}.Release|Any CPU.ActiveCfg = Release|Any CPU
		{70B4712A-A1B3-47F5-AFAD-9CC1DA26B7D7}.Release|Any CPU.Build.0 = Release|Any CPU
	EndGlobalSection
	GlobalSection(SolutionProperties) = preSolution
		HideSolutionNode = FALSE
	EndGlobalSection
EndGlobal
